
Microsoft Visual Studio Solution File, Format Version 12.00
# Visual Studio Version 17
VisualStudioVersion = 17.12.35527.113
MinimumVisualStudioVersion = 10.0.40219.1
Project("{FAE04EC0-301F-11D3-BF4B-00C04F79EFBC}") = "Infrastructure", "Infrastructure\Infrastructure.csproj", "{B34C6D1C-327F-4AEC-8D7C-0FE503E681B5}"
EndProject
Project("{FAE04EC0-301F-11D3-BF4B-00C04F79EFBC}") = "GaneaApi", "GaneaApi\GaneaApi.csproj", "{BBC4AC5A-C7ED-4429-942F-2E99D168248D}"
EndProject
Global
	GlobalSection(SolutionConfigurationPlatforms) = preSolution
		Debug|Any CPU = Debug|Any CPU
		Release|Any CPU = Release|Any CPU
	EndGlobalSection
	GlobalSection(ProjectConfigurationPlatforms) = postSolution
		{B34C6D1C-327F-4AEC-8D7C-0FE503E681B5}.Debug|Any CPU.ActiveCfg = Debug|Any CPU
		{B34C6D1C-327F-4AEC-8D7C-0FE503E681B5}.Debug|Any CPU.Build.0 = Debug|Any CPU
		{B34C6D1C-327F-4AEC-8D7C-0FE503E681B5}.Release|Any CPU.ActiveCfg = Release|Any CPU
		{B34C6D1C-327F-4AEC-8D7C-0FE503E681B5}.Release|Any CPU.Build.0 = Release|Any CPU
		{BBC4AC5A-C7ED-4429-942F-2E99D168248D}.Debug|Any CPU.ActiveCfg = Debug|Any CPU
		{BBC4AC5A-C7ED-4429-942F-2E99D168248D}.Debug|Any CPU.Build.0 = Debug|Any CPU
		{BBC4AC5A-C7ED-4429-942F-2E99D168248D}.Release|Any CPU.ActiveCfg = Release|Any CPU
		{BBC4AC5A-C7ED-4429-942F-2E99D168248D}.Release|Any CPU.Build.0 = Release|Any CPU
	EndGlobalSection
	GlobalSection(SolutionProperties) = preSolution
		HideSolutionNode = FALSE
	EndGlobalSection
EndGlobal
